
Microsoft Visual Studio Solution File, Format Version 12.00
# Visual Studio 14
VisualStudioVersion = 14.0.25420.1
MinimumVisualStudioVersion = 10.0.40219.1
Project("{2150E333-8FDC-42A3-9474-1A3956D46DE8}") = "Source", "Source", "{24979A65-C6C5-4F78-BCE5-CD3B8B21C3FB}"
EndProject
Project("{2150E333-8FDC-42A3-9474-1A3956D46DE8}") = "Test", "Test", "{78A7175D-A6B8-41F5-B2C7-FE88665AE639}"
EndProject
Project("{FAE04EC0-301F-11D3-BF4B-00C04F79EFBC}") = "Nome.Configuration.Test", "Test\Nome.Configuration.Test\Nome.Configuration.Test.csproj", "{CC32DB4A-13F4-4C4D-BCE9-99F027E3748A}"
EndProject
Project("{FAE04EC0-301F-11D3-BF4B-00C04F79EFBC}") = "Nome.Viewer", "Source\Nome.Viewer\Nome.Viewer.csproj", "{157797C1-0ECF-41B0-AF06-1279E41D67ED}"
EndProject
Project("{FAE04EC0-301F-11D3-BF4B-00C04F79EFBC}") = "Nome.LDAP", "Source\Nome.LDAP\Nome.LDAP.csproj", "{C1387CBC-EA0E-4A87-89EA-DE20CD4ED819}"
EndProject
Project("{FAE04EC0-301F-11D3-BF4B-00C04F79EFBC}") = "Nome.LDAP.Test", "Test\Nome.LDAP.Test\Nome.LDAP.Test.csproj", "{86616F3F-95E6-4C96-8635-87B4EB3FA5E2}"
EndProject
Project("{FAE04EC0-301F-11D3-BF4B-00C04F79EFBC}") = "Nome.Configuration", "Source\Nome.Configuration\Nome.Configuration.csproj", "{0DA64028-B444-41FC-8CEF-0B0DFA61377C}"
EndProject
Project("{FAE04EC0-301F-11D3-BF4B-00C04F79EFBC}") = "Nome.Viewer.Test", "Test\Nome.Viewer.Test\Nome.Viewer.Test.csproj", "{358B7971-8F73-4AC2-8FB3-87BC924F9D17}"
EndProject
Global
	GlobalSection(SolutionConfigurationPlatforms) = preSolution
		Debug|Any CPU = Debug|Any CPU
		Release|Any CPU = Release|Any CPU
	EndGlobalSection
	GlobalSection(ProjectConfigurationPlatforms) = postSolution
		{CC32DB4A-13F4-4C4D-BCE9-99F027E3748A}.Debug|Any CPU.ActiveCfg = Debug|Any CPU
		{CC32DB4A-13F4-4C4D-BCE9-99F027E3748A}.Debug|Any CPU.Build.0 = Debug|Any CPU
		{CC32DB4A-13F4-4C4D-BCE9-99F027E3748A}.Release|Any CPU.ActiveCfg = Release|Any CPU
		{CC32DB4A-13F4-4C4D-BCE9-99F027E3748A}.Release|Any CPU.Build.0 = Release|Any CPU
		{157797C1-0ECF-41B0-AF06-1279E41D67ED}.Debug|Any CPU.ActiveCfg = Debug|Any CPU
		{157797C1-0ECF-41B0-AF06-1279E41D67ED}.Debug|Any CPU.Build.0 = Debug|Any CPU
		{157797C1-0ECF-41B0-AF06-1279E41D67ED}.Release|Any CPU.ActiveCfg = Release|Any CPU
		{157797C1-0ECF-41B0-AF06-1279E41D67ED}.Release|Any CPU.Build.0 = Release|Any CPU
		{C1387CBC-EA0E-4A87-89EA-DE20CD4ED819}.Debug|Any CPU.ActiveCfg = Debug|Any CPU
		{C1387CBC-EA0E-4A87-89EA-DE20CD4ED819}.Debug|Any CPU.Build.0 = Debug|Any CPU
		{C1387CBC-EA0E-4A87-89EA-DE20CD4ED819}.Release|Any CPU.ActiveCfg = Release|Any CPU
		{C1387CBC-EA0E-4A87-89EA-DE20CD4ED819}.Release|Any CPU.Build.0 = Release|Any CPU
		{86616F3F-95E6-4C96-8635-87B4EB3FA5E2}.Debug|Any CPU.ActiveCfg = Debug|Any CPU
		{86616F3F-95E6-4C96-8635-87B4EB3FA5E2}.Debug|Any CPU.Build.0 = Debug|Any CPU
		{86616F3F-95E6-4C96-8635-87B4EB3FA5E2}.Release|Any CPU.ActiveCfg = Release|Any CPU
		{86616F3F-95E6-4C96-8635-87B4EB3FA5E2}.Release|Any CPU.Build.0 = Release|Any CPU
		{0DA64028-B444-41FC-8CEF-0B0DFA61377C}.Debug|Any CPU.ActiveCfg = Debug|Any CPU
		{0DA64028-B444-41FC-8CEF-0B0DFA61377C}.Debug|Any CPU.Build.0 = Debug|Any CPU
		{0DA64028-B444-41FC-8CEF-0B0DFA61377C}.Release|Any CPU.ActiveCfg = Release|Any CPU
		{0DA64028-B444-41FC-8CEF-0B0DFA61377C}.Release|Any CPU.Build.0 = Release|Any CPU
		{358B7971-8F73-4AC2-8FB3-87BC924F9D17}.Debug|Any CPU.ActiveCfg = Debug|Any CPU
		{358B7971-8F73-4AC2-8FB3-87BC924F9D17}.Debug|Any CPU.Build.0 = Debug|Any CPU
		{358B7971-8F73-4AC2-8FB3-87BC924F9D17}.Release|Any CPU.ActiveCfg = Release|Any CPU
		{358B7971-8F73-4AC2-8FB3-87BC924F9D17}.Release|Any CPU.Build.0 = Release|Any CPU
	EndGlobalSection
	GlobalSection(SolutionProperties) = preSolution
		HideSolutionNode = FALSE
	EndGlobalSection
	GlobalSection(NestedProjects) = preSolution
		{CC32DB4A-13F4-4C4D-BCE9-99F027E3748A} = {78A7175D-A6B8-41F5-B2C7-FE88665AE639}
		{157797C1-0ECF-41B0-AF06-1279E41D67ED} = {24979A65-C6C5-4F78-BCE5-CD3B8B21C3FB}
		{C1387CBC-EA0E-4A87-89EA-DE20CD4ED819} = {24979A65-C6C5-4F78-BCE5-CD3B8B21C3FB}
		{86616F3F-95E6-4C96-8635-87B4EB3FA5E2} = {78A7175D-A6B8-41F5-B2C7-FE88665AE639}
		{0DA64028-B444-41FC-8CEF-0B0DFA61377C} = {24979A65-C6C5-4F78-BCE5-CD3B8B21C3FB}
		{358B7971-8F73-4AC2-8FB3-87BC924F9D17} = {78A7175D-A6B8-41F5-B2C7-FE88665AE639}
	EndGlobalSection
EndGlobal
